
Microsoft Visual Studio Solution File, Format Version 12.00
# Visual Studio Version 17
VisualStudioVersion = 17.6.33829.357
MinimumVisualStudioVersion = 10.0.40219.1
Project("{F184B08F-C81C-45F6-A57F-5ABD9991F28F}") = "CashDispenserProject", "CashDispenserProject\CashDispenserProject.vbproj", "{E7316699-270D-4DB3-B0EF-66F14EE077EF}"
EndProject
Global
	GlobalSection(SolutionConfigurationPlatforms) = preSolution
		Debug|Any CPU = Debug|Any CPU
		Release|Any CPU = Release|Any CPU
	EndGlobalSection
	GlobalSection(ProjectConfigurationPlatforms) = postSolution
		{E7316699-270D-4DB3-B0EF-66F14EE077EF}.Debug|Any CPU.ActiveCfg = Debug|Any CPU
		{E7316699-270D-4DB3-B0EF-66F14EE077EF}.Debug|Any CPU.Build.0 = Debug|Any CPU
		{E7316699-270D-4DB3-B0EF-66F14EE077EF}.Release|Any CPU.ActiveCfg = Release|Any CPU
		{E7316699-270D-4DB3-B0EF-66F14EE077EF}.Release|Any CPU.Build.0 = Release|Any CPU
	EndGlobalSection
	GlobalSection(SolutionProperties) = preSolution
		HideSolutionNode = FALSE
	EndGlobalSection
	GlobalSection(ExtensibilityGlobals) = postSolution
		SolutionGuid = {843BC129-4921-4D0E-B77B-467BC38EDB15}
	EndGlobalSection
EndGlobal
